// !$*UTF8*$!
{
	archiveVersion = 1;
	classes = {
	};
	objectVersion = 48;
	objects = {

/* Begin PBXBuildFile section */
		CB0CE1861EEEFB95006514DF /* TestingViewController.swift in Sources */ = {isa = PBXBuildFile; fileRef = CB0CE1851EEEFB95006514DF /* TestingViewController.swift */; };
		CB0CE18A1EEF38BF006514DF /* AscenderDescenderCenteringLabel.swift in Sources */ = {isa = PBXBuildFile; fileRef = CB0CE1891EEF38BF006514DF /* AscenderDescenderCenteringLabel.swift */; };
		CB18023C1EEB96D200159077 /* AppleImitatingLabel.swift in Sources */ = {isa = PBXBuildFile; fileRef = CB18023B1EEB96D200159077 /* AppleImitatingLabel.swift */; };
		CB18023E1EEB96F200159077 /* CapHeightCenteringLabel.swift in Sources */ = {isa = PBXBuildFile; fileRef = CB18023D1EEB96F200159077 /* CapHeightCenteringLabel.swift */; };
		CB56A83D1EEB056100409661 /* AppDelegate.swift in Sources */ = {isa = PBXBuildFile; fileRef = CB56A83C1EEB056100409661 /* AppDelegate.swift */; };
		CB56A83F1EEB056100409661 /* DemoViewController.swift in Sources */ = {isa = PBXBuildFile; fileRef = CB56A83E1EEB056100409661 /* DemoViewController.swift */; };
		CB56A8441EEB056100409661 /* Assets.xcassets in Resources */ = {isa = PBXBuildFile; fileRef = CB56A8431EEB056100409661 /* Assets.xcassets */; };
		CB56A84F1EEB148400409661 /* AutoLayoutLabel.swift in Sources */ = {isa = PBXBuildFile; fileRef = CB56A84E1EEB148400409661 /* AutoLayoutLabel.swift */; };
		CBADF3621EEEF3D1009B21D8 /* UIView+snapshot.swift in Sources */ = {isa = PBXBuildFile; fileRef = CBADF3611EEEF3D1009B21D8 /* UIView+snapshot.swift */; };
		CBADF3641EEEF3DA009B21D8 /* UILabel+baselinePrediction.swift in Sources */ = {isa = PBXBuildFile; fileRef = CBADF3631EEEF3DA009B21D8 /* UILabel+baselinePrediction.swift */; };
/* End PBXBuildFile section */

/* Begin PBXFileReference section */
		CB0CE1851EEEFB95006514DF /* TestingViewController.swift */ = {isa = PBXFileReference; lastKnownFileType = sourcecode.swift; path = TestingViewController.swift; sourceTree = "<group>"; };
		CB0CE1891EEF38BF006514DF /* AscenderDescenderCenteringLabel.swift */ = {isa = PBXFileReference; lastKnownFileType = sourcecode.swift; path = AscenderDescenderCenteringLabel.swift; sourceTree = "<group>"; };
		CB18023B1EEB96D200159077 /* AppleImitatingLabel.swift */ = {isa = PBXFileReference; lastKnownFileType = sourcecode.swift; path = AppleImitatingLabel.swift; sourceTree = "<group>"; };
		CB18023D1EEB96F200159077 /* CapHeightCenteringLabel.swift */ = {isa = PBXFileReference; lastKnownFileType = sourcecode.swift; path = CapHeightCenteringLabel.swift; sourceTree = "<group>"; };
		CB56A8391EEB056100409661 /* UILabel.app */ = {isa = PBXFileReference; explicitFileType = wrapper.application; includeInIndex = 0; path = UILabel.app; sourceTree = BUILT_PRODUCTS_DIR; };
		CB56A83C1EEB056100409661 /* AppDelegate.swift */ = {isa = PBXFileReference; lastKnownFileType = sourcecode.swift; path = AppDelegate.swift; sourceTree = "<group>"; };
		CB56A83E1EEB056100409661 /* DemoViewController.swift */ = {isa = PBXFileReference; lastKnownFileType = sourcecode.swift; path = DemoViewController.swift; sourceTree = "<group>"; };
		CB56A8431EEB056100409661 /* Assets.xcassets */ = {isa = PBXFileReference; lastKnownFileType = folder.assetcatalog; path = Assets.xcassets; sourceTree = "<group>"; };
		CB56A8481EEB056100409661 /* Info.plist */ = {isa = PBXFileReference; lastKnownFileType = text.plist.xml; path = Info.plist; sourceTree = "<group>"; };
		CB56A84E1EEB148400409661 /* AutoLayoutLabel.swift */ = {isa = PBXFileReference; lastKnownFileType = sourcecode.swift; path = AutoLayoutLabel.swift; sourceTree = "<group>"; };
		CBADF3611EEEF3D1009B21D8 /* UIView+snapshot.swift */ = {isa = PBXFileReference; lastKnownFileType = sourcecode.swift; path = "UIView+snapshot.swift"; sourceTree = "<group>"; };
		CBADF3631EEEF3DA009B21D8 /* UILabel+baselinePrediction.swift */ = {isa = PBXFileReference; lastKnownFileType = sourcecode.swift; path = "UILabel+baselinePrediction.swift"; sourceTree = "<group>"; };
/* End PBXFileReference section */

/* Begin PBXFrameworksBuildPhase section */
		CB56A8361EEB056100409661 /* Frameworks */ = {
			isa = PBXFrameworksBuildPhase;
			buildActionMask = 2147483647;
			files = (
			);
			runOnlyForDeploymentPostprocessing = 0;
		};
/* End PBXFrameworksBuildPhase section */

/* Begin PBXGroup section */
		CB56A8301EEB056100409661 = {
			isa = PBXGroup;
			children = (
				CB56A83B1EEB056100409661 /* Sources */,
				CB67B0C21EEF67D400FD453B /* Resources */,
				CB56A83A1EEB056100409661 /* Products */,
			);
			sourceTree = "<group>";
		};
		CB56A83A1EEB056100409661 /* Products */ = {
			isa = PBXGroup;
			children = (
				CB56A8391EEB056100409661 /* UILabel.app */,
			);
			name = Products;
			sourceTree = "<group>";
		};
		CB56A83B1EEB056100409661 /* Sources */ = {
			isa = PBXGroup;
			children = (
				CB67B0C41EEF696700FD453B /* Controllers */,
				CB67B0C31EEF694500FD453B /* Labels */,
			);
			path = Sources;
			sourceTree = "<group>";
		};
		CB67B0C21EEF67D400FD453B /* Resources */ = {
			isa = PBXGroup;
			children = (
				CB56A8431EEB056100409661 /* Assets.xcassets */,
				CB56A8481EEB056100409661 /* Info.plist */,
			);
			path = Resources;
			sourceTree = "<group>";
		};
		CB67B0C31EEF694500FD453B /* Labels */ = {
			isa = PBXGroup;
			children = (
				CBADF3631EEEF3DA009B21D8 /* UILabel+baselinePrediction.swift */,
				CB56A84E1EEB148400409661 /* AutoLayoutLabel.swift */,
				CB18023B1EEB96D200159077 /* AppleImitatingLabel.swift */,
				CB18023D1EEB96F200159077 /* CapHeightCenteringLabel.swift */,
				CB0CE1891EEF38BF006514DF /* AscenderDescenderCenteringLabel.swift */,
			);
			path = Labels;
			sourceTree = "<group>";
		};
		CB67B0C41EEF696700FD453B /* Controllers */ = {
			isa = PBXGroup;
			children = (
				CB56A83C1EEB056100409661 /* AppDelegate.swift */,
				CB56A83E1EEB056100409661 /* DemoViewController.swift */,
				CB0CE1851EEEFB95006514DF /* TestingViewController.swift */,
				CBADF3611EEEF3D1009B21D8 /* UIView+snapshot.swift */,
			);
			path = Controllers;
			sourceTree = "<group>";
		};
/* End PBXGroup section */

/* Begin PBXNativeTarget section */
		CB56A8381EEB056100409661 /* UILabel */ = {
			isa = PBXNativeTarget;
			buildConfigurationList = CB56A84B1EEB056100409661 /* Build configuration list for PBXNativeTarget "UILabel" */;
			buildPhases = (
				CB56A8351EEB056100409661 /* Sources */,
				CB56A8361EEB056100409661 /* Frameworks */,
				CB56A8371EEB056100409661 /* Resources */,
			);
			buildRules = (
			);
			dependencies = (
			);
			name = UILabel;
			productName = UILabel;
			productReference = CB56A8391EEB056100409661 /* UILabel.app */;
			productType = "com.apple.product-type.application";
		};
/* End PBXNativeTarget section */

/* Begin PBXProject section */
		CB56A8311EEB056100409661 /* Project object */ = {
			isa = PBXProject;
			attributes = {
				LastSwiftUpdateCheck = 0900;
				LastUpgradeCheck = 0900;
				ORGANIZATIONNAME = "Christian Schnorr";
				TargetAttributes = {
					CB56A8381EEB056100409661 = {
						CreatedOnToolsVersion = 9.0;
					};
				};
			};
			buildConfigurationList = CB56A8341EEB056100409661 /* Build configuration list for PBXProject "UILabel" */;
			compatibilityVersion = "Xcode 8.0";
			developmentRegion = en;
			hasScannedForEncodings = 0;
			knownRegions = (
				en,
				Base,
			);
			mainGroup = CB56A8301EEB056100409661;
			productRefGroup = CB56A83A1EEB056100409661 /* Products */;
			projectDirPath = "";
			projectRoot = "";
			targets = (
				CB56A8381EEB056100409661 /* UILabel */,
			);
		};
/* End PBXProject section */

/* Begin PBXResourcesBuildPhase section */
		CB56A8371EEB056100409661 /* Resources */ = {
			isa = PBXResourcesBuildPhase;
			buildActionMask = 2147483647;
			files = (
				CB56A8441EEB056100409661 /* Assets.xcassets in Resources */,
			);
			runOnlyForDeploymentPostprocessing = 0;
		};
/* End PBXResourcesBuildPhase section */

/* Begin PBXSourcesBuildPhase section */
		CB56A8351EEB056100409661 /* Sources */ = {
			isa = PBXSourcesBuildPhase;
			buildActionMask = 2147483647;
			files = (
				CB18023C1EEB96D200159077 /* AppleImitatingLabel.swift in Sources */,
				CB0CE18A1EEF38BF006514DF /* AscenderDescenderCenteringLabel.swift in Sources */,
				CB56A84F1EEB148400409661 /* AutoLayoutLabel.swift in Sources */,
				CBADF3621EEEF3D1009B21D8 /* UIView+snapshot.swift in Sources */,
				CB56A83F1EEB056100409661 /* DemoViewController.swift in Sources */,
				CBADF3641EEEF3DA009B21D8 /* UILabel+baselinePrediction.swift in Sources */,
				CB0CE1861EEEFB95006514DF /* TestingViewController.swift in Sources */,
				CB56A83D1EEB056100409661 /* AppDelegate.swift in Sources */,
				CB18023E1EEB96F200159077 /* CapHeightCenteringLabel.swift in Sources */,
			);
			runOnlyForDeploymentPostprocessing = 0;
		};
/* End PBXSourcesBuildPhase section */

/* Begin XCBuildConfiguration section */
		CB56A8491EEB056100409661 /* Debug */ = {
			isa = XCBuildConfiguration;
			buildSettings = {
				ALWAYS_SEARCH_USER_PATHS = NO;
				CLANG_ANALYZER_NONNULL = YES;
				CLANG_ANALYZER_NUMBER_OBJECT_CONVERSION = YES_AGGRESSIVE;
				CLANG_CXX_LANGUAGE_STANDARD = "gnu++14";
				CLANG_CXX_LIBRARY = "libc++";
				CLANG_ENABLE_MODULES = YES;
				CLANG_ENABLE_OBJC_ARC = YES;
				CLANG_WARN_BLOCK_CAPTURE_AUTORELEASING = YES;
				CLANG_WARN_BOOL_CONVERSION = YES;
				CLANG_WARN_COMMA = YES;
				CLANG_WARN_CONSTANT_CONVERSION = YES;
				CLANG_WARN_DIRECT_OBJC_ISA_USAGE = YES_ERROR;
				CLANG_WARN_DOCUMENTATION_COMMENTS = YES;
				CLANG_WARN_EMPTY_BODY = YES;
				CLANG_WARN_ENUM_CONVERSION = YES;
				CLANG_WARN_INFINITE_RECURSION = YES;
				CLANG_WARN_INT_CONVERSION = YES;
				CLANG_WARN_OBJC_ROOT_CLASS = YES_ERROR;
				CLANG_WARN_RANGE_LOOP_ANALYSIS = YES;
				CLANG_WARN_STRICT_PROTOTYPES = YES;
				CLANG_WARN_SUSPICIOUS_MOVE = YES;
				CLANG_WARN_UNGUARDED_AVAILABILITY = YES_AGGRESSIVE;
				CLANG_WARN_UNREACHABLE_CODE = YES;
				CLANG_WARN__DUPLICATE_METHOD_MATCH = YES;
				CODE_SIGN_IDENTITY = "iPhone Developer";
				COPY_PHASE_STRIP = NO;
				DEBUG_INFORMATION_FORMAT = dwarf;
				ENABLE_STRICT_OBJC_MSGSEND = YES;
				ENABLE_TESTABILITY = YES;
				GCC_C_LANGUAGE_STANDARD = gnu11;
				GCC_DYNAMIC_NO_PIC = NO;
				GCC_NO_COMMON_BLOCKS = YES;
				GCC_OPTIMIZATION_LEVEL = 0;
				GCC_PREPROCESSOR_DEFINITIONS = (
					"DEBUG=1",
					"$(inherited)",
				);
				GCC_WARN_64_TO_32_BIT_CONVERSION = YES;
				GCC_WARN_ABOUT_RETURN_TYPE = YES_ERROR;
				GCC_WARN_UNDECLARED_SELECTOR = YES;
				GCC_WARN_UNINITIALIZED_AUTOS = YES_AGGRESSIVE;
				GCC_WARN_UNUSED_FUNCTION = YES;
				GCC_WARN_UNUSED_VARIABLE = YES;
				IPHONEOS_DEPLOYMENT_TARGET = 11.0;
				MTL_ENABLE_DEBUG_INFO = YES;
				ONLY_ACTIVE_ARCH = YES;
				SDKROOT = iphoneos;
				SWIFT_ACTIVE_COMPILATION_CONDITIONS = DEBUG;
				SWIFT_OPTIMIZATION_LEVEL = "-Onone";
			};
			name = Debug;
		};
		CB56A84A1EEB056100409661 /* Release */ = {
			isa = XCBuildConfiguration;
			buildSettings = {
				ALWAYS_SEARCH_USER_PATHS = NO;
				CLANG_ANALYZER_NONNULL = YES;
				CLANG_ANALYZER_NUMBER_OBJECT_CONVERSION = YES_AGGRESSIVE;
				CLANG_CXX_LANGUAGE_STANDARD = "gnu++14";
				CLANG_CXX_LIBRARY = "libc++";
				CLANG_ENABLE_MODULES = YES;
				CLANG_ENABLE_OBJC_ARC = YES;
				CLANG_WARN_BLOCK_CAPTURE_AUTORELEASING = YES;
				CLANG_WARN_BOOL_CONVERSION = YES;
				CLANG_WARN_COMMA = YES;
				CLANG_WARN_CONSTANT_CONVERSION = YES;
				CLANG_WARN_DIRECT_OBJC_ISA_USAGE = YES_ERROR;
				CLANG_WARN_DOCUMENTATION_COMMENTS = YES;
				CLANG_WARN_EMPTY_BODY = YES;
				CLANG_WARN_ENUM_CONVERSION = YES;
				CLANG_WARN_INFINITE_RECURSION = YES;
				CLANG_WARN_INT_CONVERSION = YES;
				CLANG_WARN_OBJC_ROOT_CLASS = YES_ERROR;
				CLANG_WARN_RANGE_LOOP_ANALYSIS = YES;
				CLANG_WARN_STRICT_PROTOTYPES = YES;
				CLANG_WARN_SUSPICIOUS_MOVE = YES;
				CLANG_WARN_UNGUARDED_AVAILABILITY = YES_AGGRESSIVE;
				CLANG_WARN_UNREACHABLE_CODE = YES;
				CLANG_WARN__DUPLICATE_METHOD_MATCH = YES;
				CODE_SIGN_IDENTITY = "iPhone Developer";
				COPY_PHASE_STRIP = NO;
				DEBUG_INFORMATION_FORMAT = "dwarf-with-dsym";
				ENABLE_NS_ASSERTIONS = NO;
				ENABLE_STRICT_OBJC_MSGSEND = YES;
				GCC_C_LANGUAGE_STANDARD = gnu11;
				GCC_NO_COMMON_BLOCKS = YES;
				GCC_WARN_64_TO_32_BIT_CONVERSION = YES;
				GCC_WARN_ABOUT_RETURN_TYPE = YES_ERROR;
				GCC_WARN_UNDECLARED_SELECTOR = YES;
				GCC_WARN_UNINITIALIZED_AUTOS = YES_AGGRESSIVE;
				GCC_WARN_UNUSED_FUNCTION = YES;
				GCC_WARN_UNUSED_VARIABLE = YES;
				IPHONEOS_DEPLOYMENT_TARGET = 11.0;
				MTL_ENABLE_DEBUG_INFO = NO;
				SDKROOT = iphoneos;
				SWIFT_OPTIMIZATION_LEVEL = "-Owholemodule";
				VALIDATE_PRODUCT = YES;
			};
			name = Release;
		};
		CB56A84C1EEB056100409661 /* Debug */ = {
			isa = XCBuildConfiguration;
			buildSettings = {
				ASSETCATALOG_COMPILER_APPICON_NAME = AppIcon;
				INFOPLIST_FILE = Resources/Info.plist;
				LD_RUNPATH_SEARCH_PATHS = "$(inherited) @executable_path/Frameworks";
				PRODUCT_BUNDLE_IDENTIFIER = net.jenox.UILabel;
				PRODUCT_NAME = "$(TARGET_NAME)";
				SWIFT_VERSION = 4.0;
				TARGETED_DEVICE_FAMILY = "1,2";
			};
			name = Debug;
		};
		CB56A84D1EEB056100409661 /* Release */ = {
			isa = XCBuildConfiguration;
			buildSettings = {
				ASSETCATALOG_COMPILER_APPICON_NAME = AppIcon;
				INFOPLIST_FILE = Resources/Info.plist;
				LD_RUNPATH_SEARCH_PATHS = "$(inherited) @executable_path/Frameworks";
				PRODUCT_BUNDLE_IDENTIFIER = net.jenox.UILabel;
				PRODUCT_NAME = "$(TARGET_NAME)";
				SWIFT_VERSION = 4.0;
				TARGETED_DEVICE_FAMILY = "1,2";
			};
			name = Release;
		};
/* End XCBuildConfiguration section */

/* Begin XCConfigurationList section */
		CB56A8341EEB056100409661 /* Build configuration list for PBXProject "UILabel" */ = {
			isa = XCConfigurationList;
			buildConfigurations = (
				CB56A8491EEB056100409661 /* Debug */,
				CB56A84A1EEB056100409661 /* Release */,
			);
			defaultConfigurationIsVisible = 0;
			defaultConfigurationName = Release;
		};
		CB56A84B1EEB056100409661 /* Build configuration list for PBXNativeTarget "UILabel" */ = {
			isa = XCConfigurationList;
			buildConfigurations = (
				CB56A84C1EEB056100409661 /* Debug */,
				CB56A84D1EEB056100409661 /* Release */,
			);
			defaultConfigurationIsVisible = 0;
			defaultConfigurationName = Release;
		};
/* End XCConfigurationList section */
	};
	rootObject = CB56A8311EEB056100409661 /* Project object */;
}
